
Microsoft Visual Studio Solution File, Format Version 12.00
# Visual Studio Version 17
VisualStudioVersion = 17.3.32804.467
MinimumVisualStudioVersion = 10.0.40219.1
Project("{FAE04EC0-301F-11D3-BF4B-00C04F79EFBC}") = "GiphyAPI", "GiphyAPI.csproj", "{B178F8E5-B7D3-493B-97EF-4D27EC7EF5FB}"
EndProject
Project("{FAE04EC0-301F-11D3-BF4B-00C04F79EFBC}") = "Engine", "..\Engine\Engine.csproj", "{E27C8A26-7962-4A7B-B7A6-158510944F77}"
EndProject
Project("{FAE04EC0-301F-11D3-BF4B-00C04F79EFBC}") = "Service", "..\Service\Service.csproj", "{6CDA6B35-6C7B-4CAB-80AF-B264F438D247}"
EndProject
Global
	GlobalSection(SolutionConfigurationPlatforms) = preSolution
		Debug|Any CPU = Debug|Any CPU
		Release|Any CPU = Release|Any CPU
	EndGlobalSection
	GlobalSection(ProjectConfigurationPlatforms) = postSolution
		{B178F8E5-B7D3-493B-97EF-4D27EC7EF5FB}.Debug|Any CPU.ActiveCfg = Debug|Any CPU
		{B178F8E5-B7D3-493B-97EF-4D27EC7EF5FB}.Debug|Any CPU.Build.0 = Debug|Any CPU
		{B178F8E5-B7D3-493B-97EF-4D27EC7EF5FB}.Release|Any CPU.ActiveCfg = Release|Any CPU
		{B178F8E5-B7D3-493B-97EF-4D27EC7EF5FB}.Release|Any CPU.Build.0 = Release|Any CPU
		{E27C8A26-7962-4A7B-B7A6-158510944F77}.Debug|Any CPU.ActiveCfg = Debug|Any CPU
		{E27C8A26-7962-4A7B-B7A6-158510944F77}.Debug|Any CPU.Build.0 = Debug|Any CPU
		{E27C8A26-7962-4A7B-B7A6-158510944F77}.Release|Any CPU.ActiveCfg = Release|Any CPU
		{E27C8A26-7962-4A7B-B7A6-158510944F77}.Release|Any CPU.Build.0 = Release|Any CPU
		{6CDA6B35-6C7B-4CAB-80AF-B264F438D247}.Debug|Any CPU.ActiveCfg = Debug|Any CPU
		{6CDA6B35-6C7B-4CAB-80AF-B264F438D247}.Debug|Any CPU.Build.0 = Debug|Any CPU
		{6CDA6B35-6C7B-4CAB-80AF-B264F438D247}.Release|Any CPU.ActiveCfg = Release|Any CPU
		{6CDA6B35-6C7B-4CAB-80AF-B264F438D247}.Release|Any CPU.Build.0 = Release|Any CPU
	EndGlobalSection
	GlobalSection(SolutionProperties) = preSolution
		HideSolutionNode = FALSE
	EndGlobalSection
	GlobalSection(ExtensibilityGlobals) = postSolution
		SolutionGuid = {88298DDD-2590-47CC-BC2B-240C443ACA4D}
	EndGlobalSection
EndGlobal
